
Microsoft Visual Studio Solution File, Format Version 12.00
# Visual Studio Version 17
VisualStudioVersion = 17.2.32630.192
MinimumVisualStudioVersion = 10.0.40219.1
Project("{FAE04EC0-301F-11D3-BF4B-00C04F79EFBC}") = "WindowsFormsAppCoffeeClass", "WindowsFormsAppCoffeeClass.csproj", "{61D8822E-61F3-4905-97AB-909DB65DD64B}"
EndProject
Global
	GlobalSection(SolutionConfigurationPlatforms) = preSolution
		Debug|Any CPU = Debug|Any CPU
		Release|Any CPU = Release|Any CPU
	EndGlobalSection
	GlobalSection(ProjectConfigurationPlatforms) = postSolution
		{61D8822E-61F3-4905-97AB-909DB65DD64B}.Debug|Any CPU.ActiveCfg = Debug|Any CPU
		{61D8822E-61F3-4905-97AB-909DB65DD64B}.Debug|Any CPU.Build.0 = Debug|Any CPU
		{61D8822E-61F3-4905-97AB-909DB65DD64B}.Release|Any CPU.ActiveCfg = Release|Any CPU
		{61D8822E-61F3-4905-97AB-909DB65DD64B}.Release|Any CPU.Build.0 = Release|Any CPU
	EndGlobalSection
	GlobalSection(SolutionProperties) = preSolution
		HideSolutionNode = FALSE
	EndGlobalSection
	GlobalSection(ExtensibilityGlobals) = postSolution
		SolutionGuid = {0B57E875-0860-4925-9815-0FFFC6EEE245}
	EndGlobalSection
EndGlobal
